// !$*UTF8*$!
{
	archiveVersion = 1;
	classes = {
	};
	objectVersion = 50;
	objects = {

/* Begin PBXBuildFile section */
		45DC0D4A261F1E4B006C2B16 /* Tests_iOS.swift in Sources */ = {isa = PBXBuildFile; fileRef = 45DC0D49261F1E4B006C2B16 /* Tests_iOS.swift */; };
		45DC0D57261F1E4B006C2B16 /* ForestApp.swift in Sources */ = {isa = PBXBuildFile; fileRef = 45DC0D2E261F1E4A006C2B16 /* ForestApp.swift */; };
		45DC0D59261F1E4B006C2B16 /* PhysicalDropView.swift in Sources */ = {isa = PBXBuildFile; fileRef = 45DC0D2F261F1E4A006C2B16 /* PhysicalDropView.swift */; };
		45DC0D5B261F1E4B006C2B16 /* Assets.xcassets in Resources */ = {isa = PBXBuildFile; fileRef = 45DC0D30261F1E4B006C2B16 /* Assets.xcassets */; };
		45DC0D7926201EB9006C2B16 /* Utils.swift in Sources */ = {isa = PBXBuildFile; fileRef = 45DC0D7826201EB9006C2B16 /* Utils.swift */; };
		45DC0D8B2621815C006C2B16 /* FractalTree.swift in Sources */ = {isa = PBXBuildFile; fileRef = 45DC0D8A2621815C006C2B16 /* FractalTree.swift */; };
		45DC0D9926218A83006C2B16 /* FractalBranch.swift in Sources */ = {isa = PBXBuildFile; fileRef = 45DC0D9826218A83006C2B16 /* FractalBranch.swift */; };
		45DC0D9B26218A83006C2B16 /* FractalBranch.swift in Sources */ = {isa = PBXBuildFile; fileRef = 45DC0D9826218A83006C2B16 /* FractalBranch.swift */; };
		45DC0DAE2621E09C006C2B16 /* ForestView.swift in Sources */ = {isa = PBXBuildFile; fileRef = 45DC0DAD2621E09C006C2B16 /* ForestView.swift */; };
		45DC0DB02621E09C006C2B16 /* ForestView.swift in Sources */ = {isa = PBXBuildFile; fileRef = 45DC0DAD2621E09C006C2B16 /* ForestView.swift */; };
/* End PBXBuildFile section */

/* Begin PBXContainerItemProxy section */
		45DC0D46261F1E4B006C2B16 /* PBXContainerItemProxy */ = {
			isa = PBXContainerItemProxy;
			containerPortal = 45DC0D29261F1E4A006C2B16 /* Project object */;
			proxyType = 1;
			remoteGlobalIDString = 45DC0D34261F1E4B006C2B16;
			remoteInfo = "Forest (iOS)";
		};
/* End PBXContainerItemProxy section */

/* Begin PBXFileReference section */
		45DC0D2E261F1E4A006C2B16 /* ForestApp.swift */ = {isa = PBXFileReference; lastKnownFileType = sourcecode.swift; path = ForestApp.swift; sourceTree = "<group>"; };
		45DC0D2F261F1E4A006C2B16 /* PhysicalDropView.swift */ = {isa = PBXFileReference; lastKnownFileType = sourcecode.swift; path = PhysicalDropView.swift; sourceTree = "<group>"; };
		45DC0D30261F1E4B006C2B16 /* Assets.xcassets */ = {isa = PBXFileReference; lastKnownFileType = folder.assetcatalog; path = Assets.xcassets; sourceTree = "<group>"; };
		45DC0D35261F1E4B006C2B16 /* Forest.app */ = {isa = PBXFileReference; explicitFileType = wrapper.application; includeInIndex = 0; path = Forest.app; sourceTree = BUILT_PRODUCTS_DIR; };
		45DC0D38261F1E4B006C2B16 /* Info.plist */ = {isa = PBXFileReference; lastKnownFileType = text.plist.xml; path = Info.plist; sourceTree = "<group>"; };
		45DC0D45261F1E4B006C2B16 /* Tests iOS.xctest */ = {isa = PBXFileReference; explicitFileType = wrapper.cfbundle; includeInIndex = 0; path = "Tests iOS.xctest"; sourceTree = BUILT_PRODUCTS_DIR; };
		45DC0D49261F1E4B006C2B16 /* Tests_iOS.swift */ = {isa = PBXFileReference; lastKnownFileType = sourcecode.swift; path = Tests_iOS.swift; sourceTree = "<group>"; };
		45DC0D4B261F1E4B006C2B16 /* Info.plist */ = {isa = PBXFileReference; lastKnownFileType = text.plist.xml; path = Info.plist; sourceTree = "<group>"; };
		45DC0D73261F919D006C2B16 /* Forest.entitlements */ = {isa = PBXFileReference; lastKnownFileType = text.plist.entitlements; path = Forest.entitlements; sourceTree = "<group>"; };
		45DC0D7826201EB9006C2B16 /* Utils.swift */ = {isa = PBXFileReference; lastKnownFileType = sourcecode.swift; path = Utils.swift; sourceTree = "<group>"; };
		45DC0D8A2621815C006C2B16 /* FractalTree.swift */ = {isa = PBXFileReference; lastKnownFileType = sourcecode.swift; path = FractalTree.swift; sourceTree = "<group>"; };
		45DC0D9826218A83006C2B16 /* FractalBranch.swift */ = {isa = PBXFileReference; lastKnownFileType = sourcecode.swift; path = FractalBranch.swift; sourceTree = "<group>"; };
		45DC0DAD2621E09C006C2B16 /* ForestView.swift */ = {isa = PBXFileReference; lastKnownFileType = sourcecode.swift; path = ForestView.swift; sourceTree = "<group>"; };
/* End PBXFileReference section */

/* Begin PBXFrameworksBuildPhase section */
		45DC0D32261F1E4B006C2B16 /* Frameworks */ = {
			isa = PBXFrameworksBuildPhase;
			buildActionMask = 2147483647;
			files = (
			);
			runOnlyForDeploymentPostprocessing = 0;
		};
		45DC0D42261F1E4B006C2B16 /* Frameworks */ = {
			isa = PBXFrameworksBuildPhase;
			buildActionMask = 2147483647;
			files = (
			);
			runOnlyForDeploymentPostprocessing = 0;
		};
/* End PBXFrameworksBuildPhase section */

/* Begin PBXGroup section */
		45DC0D28261F1E4A006C2B16 = {
			isa = PBXGroup;
			children = (
				45DC0D73261F919D006C2B16 /* Forest.entitlements */,
				45DC0D2D261F1E4A006C2B16 /* Shared */,
				45DC0D37261F1E4B006C2B16 /* iOS */,
				45DC0D48261F1E4B006C2B16 /* Tests iOS */,
				45DC0D36261F1E4B006C2B16 /* Products */,
			);
			sourceTree = "<group>";
		};
		45DC0D2D261F1E4A006C2B16 /* Shared */ = {
			isa = PBXGroup;
			children = (
				45DC0D2E261F1E4A006C2B16 /* ForestApp.swift */,
				45DC0D2F261F1E4A006C2B16 /* PhysicalDropView.swift */,
				45DC0D30261F1E4B006C2B16 /* Assets.xcassets */,
				45DC0D7826201EB9006C2B16 /* Utils.swift */,
				45DC0D8A2621815C006C2B16 /* FractalTree.swift */,
				45DC0D9826218A83006C2B16 /* FractalBranch.swift */,
				45DC0DAD2621E09C006C2B16 /* ForestView.swift */,
			);
			path = Shared;
			sourceTree = "<group>";
		};
		45DC0D36261F1E4B006C2B16 /* Products */ = {
			isa = PBXGroup;
			children = (
				45DC0D35261F1E4B006C2B16 /* Forest.app */,
				45DC0D45261F1E4B006C2B16 /* Tests iOS.xctest */,
			);
			name = Products;
			sourceTree = "<group>";
		};
		45DC0D37261F1E4B006C2B16 /* iOS */ = {
			isa = PBXGroup;
			children = (
				45DC0D38261F1E4B006C2B16 /* Info.plist */,
			);
			path = iOS;
			sourceTree = "<group>";
		};
		45DC0D48261F1E4B006C2B16 /* Tests iOS */ = {
			isa = PBXGroup;
			children = (
				45DC0D49261F1E4B006C2B16 /* Tests_iOS.swift */,
				45DC0D4B261F1E4B006C2B16 /* Info.plist */,
			);
			path = "Tests iOS";
			sourceTree = "<group>";
		};
/* End PBXGroup section */

/* Begin PBXNativeTarget section */
		45DC0D34261F1E4B006C2B16 /* Forest (iOS) */ = {
			isa = PBXNativeTarget;
			buildConfigurationList = 45DC0D5F261F1E4B006C2B16 /* Build configuration list for PBXNativeTarget "Forest (iOS)" */;
			buildPhases = (
				45DC0D31261F1E4B006C2B16 /* Sources */,
				45DC0D32261F1E4B006C2B16 /* Frameworks */,
				45DC0D33261F1E4B006C2B16 /* Resources */,
			);
			buildRules = (
			);
			dependencies = (
			);
			name = "Forest (iOS)";
			productName = "Forest (iOS)";
			productReference = 45DC0D35261F1E4B006C2B16 /* Forest.app */;
			productType = "com.apple.product-type.application";
		};
		45DC0D44261F1E4B006C2B16 /* Tests iOS */ = {
			isa = PBXNativeTarget;
			buildConfigurationList = 45DC0D65261F1E4B006C2B16 /* Build configuration list for PBXNativeTarget "Tests iOS" */;
			buildPhases = (
				45DC0D41261F1E4B006C2B16 /* Sources */,
				45DC0D42261F1E4B006C2B16 /* Frameworks */,
				45DC0D43261F1E4B006C2B16 /* Resources */,
			);
			buildRules = (
			);
			dependencies = (
				45DC0D47261F1E4B006C2B16 /* PBXTargetDependency */,
			);
			name = "Tests iOS";
			productName = "Tests iOS";
			productReference = 45DC0D45261F1E4B006C2B16 /* Tests iOS.xctest */;
			productType = "com.apple.product-type.bundle.ui-testing";
		};
/* End PBXNativeTarget section */

/* Begin PBXProject section */
		45DC0D29261F1E4A006C2B16 /* Project object */ = {
			isa = PBXProject;
			attributes = {
				LastSwiftUpdateCheck = 1240;
				LastUpgradeCheck = 1240;
				TargetAttributes = {
					45DC0D34261F1E4B006C2B16 = {
						CreatedOnToolsVersion = 12.4;
					};
					45DC0D44261F1E4B006C2B16 = {
						CreatedOnToolsVersion = 12.4;
						TestTargetID = 45DC0D34261F1E4B006C2B16;
					};
				};
			};
			buildConfigurationList = 45DC0D2C261F1E4A006C2B16 /* Build configuration list for PBXProject "Forest" */;
			compatibilityVersion = "Xcode 9.3";
			developmentRegion = en;
			hasScannedForEncodings = 0;
			knownRegions = (
				en,
				Base,
			);
			mainGroup = 45DC0D28261F1E4A006C2B16;
			productRefGroup = 45DC0D36261F1E4B006C2B16 /* Products */;
			projectDirPath = "";
			projectRoot = "";
			targets = (
				45DC0D34261F1E4B006C2B16 /* Forest (iOS) */,
				45DC0D44261F1E4B006C2B16 /* Tests iOS */,
			);
		};
/* End PBXProject section */

/* Begin PBXResourcesBuildPhase section */
		45DC0D33261F1E4B006C2B16 /* Resources */ = {
			isa = PBXResourcesBuildPhase;
			buildActionMask = 2147483647;
			files = (
				45DC0D5B261F1E4B006C2B16 /* Assets.xcassets in Resources */,
			);
			runOnlyForDeploymentPostprocessing = 0;
		};
		45DC0D43261F1E4B006C2B16 /* Resources */ = {
			isa = PBXResourcesBuildPhase;
			buildActionMask = 2147483647;
			files = (
			);
			runOnlyForDeploymentPostprocessing = 0;
		};
/* End PBXResourcesBuildPhase section */

/* Begin PBXSourcesBuildPhase section */
		45DC0D31261F1E4B006C2B16 /* Sources */ = {
			isa = PBXSourcesBuildPhase;
			buildActionMask = 2147483647;
			files = (
				45DC0D59261F1E4B006C2B16 /* PhysicalDropView.swift in Sources */,
				45DC0D8B2621815C006C2B16 /* FractalTree.swift in Sources */,
				45DC0D57261F1E4B006C2B16 /* ForestApp.swift in Sources */,
				45DC0D9926218A83006C2B16 /* FractalBranch.swift in Sources */,
				45DC0D7926201EB9006C2B16 /* Utils.swift in Sources */,
				45DC0DAE2621E09C006C2B16 /* ForestView.swift in Sources */,
			);
			runOnlyForDeploymentPostprocessing = 0;
		};
		45DC0D41261F1E4B006C2B16 /* Sources */ = {
			isa = PBXSourcesBuildPhase;
			buildActionMask = 2147483647;
			files = (
				45DC0D4A261F1E4B006C2B16 /* Tests_iOS.swift in Sources */,
				45DC0D9B26218A83006C2B16 /* FractalBranch.swift in Sources */,
				45DC0DB02621E09C006C2B16 /* ForestView.swift in Sources */,
			);
			runOnlyForDeploymentPostprocessing = 0;
		};
/* End PBXSourcesBuildPhase section */

/* Begin PBXTargetDependency section */
		45DC0D47261F1E4B006C2B16 /* PBXTargetDependency */ = {
			isa = PBXTargetDependency;
			target = 45DC0D34261F1E4B006C2B16 /* Forest (iOS) */;
			targetProxy = 45DC0D46261F1E4B006C2B16 /* PBXContainerItemProxy */;
		};
/* End PBXTargetDependency section */

/* Begin XCBuildConfiguration section */
		45DC0D5D261F1E4B006C2B16 /* Debug */ = {
			isa = XCBuildConfiguration;
			buildSettings = {
				ALWAYS_SEARCH_USER_PATHS = NO;
				CLANG_ANALYZER_NONNULL = YES;
				CLANG_ANALYZER_NUMBER_OBJECT_CONVERSION = YES_AGGRESSIVE;
				CLANG_CXX_LANGUAGE_STANDARD = "gnu++14";
				CLANG_CXX_LIBRARY = "libc++";
				CLANG_ENABLE_MODULES = YES;
				CLANG_ENABLE_OBJC_ARC = YES;
				CLANG_ENABLE_OBJC_WEAK = YES;
				CLANG_WARN_BLOCK_CAPTURE_AUTORELEASING = YES;
				CLANG_WARN_BOOL_CONVERSION = YES;
				CLANG_WARN_COMMA = YES;
				CLANG_WARN_CONSTANT_CONVERSION = YES;
				CLANG_WARN_DEPRECATED_OBJC_IMPLEMENTATIONS = YES;
				CLANG_WARN_DIRECT_OBJC_ISA_USAGE = YES_ERROR;
				CLANG_WARN_DOCUMENTATION_COMMENTS = YES;
				CLANG_WARN_EMPTY_BODY = YES;
				CLANG_WARN_ENUM_CONVERSION = YES;
				CLANG_WARN_INFINITE_RECURSION = YES;
				CLANG_WARN_INT_CONVERSION = YES;
				CLANG_WARN_NON_LITERAL_NULL_CONVERSION = YES;
				CLANG_WARN_OBJC_IMPLICIT_RETAIN_SELF = YES;
				CLANG_WARN_OBJC_LITERAL_CONVERSION = YES;
				CLANG_WARN_OBJC_ROOT_CLASS = YES_ERROR;
				CLANG_WARN_QUOTED_INCLUDE_IN_FRAMEWORK_HEADER = YES;
				CLANG_WARN_RANGE_LOOP_ANALYSIS = YES;
				CLANG_WARN_STRICT_PROTOTYPES = YES;
				CLANG_WARN_SUSPICIOUS_MOVE = YES;
				CLANG_WARN_UNGUARDED_AVAILABILITY = YES_AGGRESSIVE;
				CLANG_WARN_UNREACHABLE_CODE = YES;
				CLANG_WARN__DUPLICATE_METHOD_MATCH = YES;
				COPY_PHASE_STRIP = NO;
				DEBUG_INFORMATION_FORMAT = dwarf;
				ENABLE_STRICT_OBJC_MSGSEND = YES;
				ENABLE_TESTABILITY = YES;
				GCC_C_LANGUAGE_STANDARD = gnu11;
				GCC_DYNAMIC_NO_PIC = NO;
				GCC_NO_COMMON_BLOCKS = YES;
				GCC_OPTIMIZATION_LEVEL = 0;
				GCC_PREPROCESSOR_DEFINITIONS = (
					"DEBUG=1",
					"$(inherited)",
				);
				GCC_WARN_64_TO_32_BIT_CONVERSION = YES;
				GCC_WARN_ABOUT_RETURN_TYPE = YES_ERROR;
				GCC_WARN_UNDECLARED_SELECTOR = YES;
				GCC_WARN_UNINITIALIZED_AUTOS = YES_AGGRESSIVE;
				GCC_WARN_UNUSED_FUNCTION = YES;
				GCC_WARN_UNUSED_VARIABLE = YES;
				MTL_ENABLE_DEBUG_INFO = INCLUDE_SOURCE;
				MTL_FAST_MATH = YES;
				ONLY_ACTIVE_ARCH = YES;
				SWIFT_ACTIVE_COMPILATION_CONDITIONS = DEBUG;
				SWIFT_OPTIMIZATION_LEVEL = "-Onone";
			};
			name = Debug;
		};
		45DC0D5E261F1E4B006C2B16 /* Release */ = {
			isa = XCBuildConfiguration;
			buildSettings = {
				ALWAYS_SEARCH_USER_PATHS = NO;
				CLANG_ANALYZER_NONNULL = YES;
				CLANG_ANALYZER_NUMBER_OBJECT_CONVERSION = YES_AGGRESSIVE;
				CLANG_CXX_LANGUAGE_STANDARD = "gnu++14";
				CLANG_CXX_LIBRARY = "libc++";
				CLANG_ENABLE_MODULES = YES;
				CLANG_ENABLE_OBJC_ARC = YES;
				CLANG_ENABLE_OBJC_WEAK = YES;
				CLANG_WARN_BLOCK_CAPTURE_AUTORELEASING = YES;
				CLANG_WARN_BOOL_CONVERSION = YES;
				CLANG_WARN_COMMA = YES;
				CLANG_WARN_CONSTANT_CONVERSION = YES;
				CLANG_WARN_DEPRECATED_OBJC_IMPLEMENTATIONS = YES;
				CLANG_WARN_DIRECT_OBJC_ISA_USAGE = YES_ERROR;
				CLANG_WARN_DOCUMENTATION_COMMENTS = YES;
				CLANG_WARN_EMPTY_BODY = YES;
				CLANG_WARN_ENUM_CONVERSION = YES;
				CLANG_WARN_INFINITE_RECURSION = YES;
				CLANG_WARN_INT_CONVERSION = YES;
				CLANG_WARN_NON_LITERAL_NULL_CONVERSION = YES;
				CLANG_WARN_OBJC_IMPLICIT_RETAIN_SELF = YES;
				CLANG_WARN_OBJC_LITERAL_CONVERSION = YES;
				CLANG_WARN_OBJC_ROOT_CLASS = YES_ERROR;
				CLANG_WARN_QUOTED_INCLUDE_IN_FRAMEWORK_HEADER = YES;
				CLANG_WARN_RANGE_LOOP_ANALYSIS = YES;
				CLANG_WARN_STRICT_PROTOTYPES = YES;
				CLANG_WARN_SUSPICIOUS_MOVE = YES;
				CLANG_WARN_UNGUARDED_AVAILABILITY = YES_AGGRESSIVE;
				CLANG_WARN_UNREACHABLE_CODE = YES;
				CLANG_WARN__DUPLICATE_METHOD_MATCH = YES;
				COPY_PHASE_STRIP = NO;
				DEBUG_INFORMATION_FORMAT = "dwarf-with-dsym";
				ENABLE_NS_ASSERTIONS = NO;
				ENABLE_STRICT_OBJC_MSGSEND = YES;
				GCC_C_LANGUAGE_STANDARD = gnu11;
				GCC_NO_COMMON_BLOCKS = YES;
				GCC_WARN_64_TO_32_BIT_CONVERSION = YES;
				GCC_WARN_ABOUT_RETURN_TYPE = YES_ERROR;
				GCC_WARN_UNDECLARED_SELECTOR = YES;
				GCC_WARN_UNINITIALIZED_AUTOS = YES_AGGRESSIVE;
				GCC_WARN_UNUSED_FUNCTION = YES;
				GCC_WARN_UNUSED_VARIABLE = YES;
				MTL_ENABLE_DEBUG_INFO = NO;
				MTL_FAST_MATH = YES;
				SWIFT_COMPILATION_MODE = wholemodule;
				SWIFT_OPTIMIZATION_LEVEL = "-O";
			};
			name = Release;
		};
		45DC0D60261F1E4B006C2B16 /* Debug */ = {
			isa = XCBuildConfiguration;
			buildSettings = {
				ASSETCATALOG_COMPILER_APPICON_NAME = AppIcon;
				ASSETCATALOG_COMPILER_GLOBAL_ACCENT_COLOR_NAME = AccentColor;
				CODE_SIGN_ENTITLEMENTS = Forest.entitlements;
				CODE_SIGN_STYLE = Automatic;
				DEVELOPMENT_TEAM = U7NWV338ML;
				ENABLE_PREVIEWS = YES;
				INFOPLIST_FILE = iOS/Info.plist;
				IPHONEOS_DEPLOYMENT_TARGET = 14.0;
				LD_RUNPATH_SEARCH_PATHS = (
					"$(inherited)",
					"@executable_path/Frameworks",
				);
				PRODUCT_BUNDLE_IDENTIFIER = de.speexx.Forest;
				PRODUCT_NAME = Forest;
				SDKROOT = iphoneos;
				SUPPORTS_MACCATALYST = YES;
				SWIFT_VERSION = 5.0;
				TARGETED_DEVICE_FAMILY = "1,2";
			};
			name = Debug;
		};
		45DC0D61261F1E4B006C2B16 /* Release */ = {
			isa = XCBuildConfiguration;
			buildSettings = {
				ASSETCATALOG_COMPILER_APPICON_NAME = AppIcon;
				ASSETCATALOG_COMPILER_GLOBAL_ACCENT_COLOR_NAME = AccentColor;
				CODE_SIGN_ENTITLEMENTS = Forest.entitlements;
				CODE_SIGN_STYLE = Automatic;
				DEVELOPMENT_TEAM = U7NWV338ML;
				ENABLE_PREVIEWS = YES;
				INFOPLIST_FILE = iOS/Info.plist;
				IPHONEOS_DEPLOYMENT_TARGET = 14.0;
				LD_RUNPATH_SEARCH_PATHS = (
					"$(inherited)",
					"@executable_path/Frameworks",
				);
				PRODUCT_BUNDLE_IDENTIFIER = de.speexx.Forest;
				PRODUCT_NAME = Forest;
				SDKROOT = iphoneos;
				SUPPORTS_MACCATALYST = YES;
				SWIFT_VERSION = 5.0;
				TARGETED_DEVICE_FAMILY = "1,2";
				VALIDATE_PRODUCT = YES;
			};
			name = Release;
		};
		45DC0D66261F1E4B006C2B16 /* Debug */ = {
			isa = XCBuildConfiguration;
			buildSettings = {
				ALWAYS_EMBED_SWIFT_STANDARD_LIBRARIES = YES;
				CODE_SIGN_STYLE = Automatic;
				DEVELOPMENT_TEAM = U7NWV338ML;
				INFOPLIST_FILE = "Tests iOS/Info.plist";
				IPHONEOS_DEPLOYMENT_TARGET = 14.4;
				LD_RUNPATH_SEARCH_PATHS = (
					"$(inherited)",
					"@executable_path/Frameworks",
					"@loader_path/Frameworks",
				);
				PRODUCT_BUNDLE_IDENTIFIER = "de.speexx.Tests-iOS";
				PRODUCT_NAME = "$(TARGET_NAME)";
				SDKROOT = iphoneos;
				SWIFT_VERSION = 5.0;
				TARGETED_DEVICE_FAMILY = "1,2";
				TEST_TARGET_NAME = "Forest (iOS)";
			};
			name = Debug;
		};
		45DC0D67261F1E4B006C2B16 /* Release */ = {
			isa = XCBuildConfiguration;
			buildSettings = {
				ALWAYS_EMBED_SWIFT_STANDARD_LIBRARIES = YES;
				CODE_SIGN_STYLE = Automatic;
				DEVELOPMENT_TEAM = U7NWV338ML;
				INFOPLIST_FILE = "Tests iOS/Info.plist";
				IPHONEOS_DEPLOYMENT_TARGET = 14.4;
				LD_RUNPATH_SEARCH_PATHS = (
					"$(inherited)",
					"@executable_path/Frameworks",
					"@loader_path/Frameworks",
				);
				PRODUCT_BUNDLE_IDENTIFIER = "de.speexx.Tests-iOS";
				PRODUCT_NAME = "$(TARGET_NAME)";
				SDKROOT = iphoneos;
				SWIFT_VERSION = 5.0;
				TARGETED_DEVICE_FAMILY = "1,2";
				TEST_TARGET_NAME = "Forest (iOS)";
				VALIDATE_PRODUCT = YES;
			};
			name = Release;
		};
/* End XCBuildConfiguration section */

/* Begin XCConfigurationList section */
		45DC0D2C261F1E4A006C2B16 /* Build configuration list for PBXProject "Forest" */ = {
			isa = XCConfigurationList;
			buildConfigurations = (
				45DC0D5D261F1E4B006C2B16 /* Debug */,
				45DC0D5E261F1E4B006C2B16 /* Release */,
			);
			defaultConfigurationIsVisible = 0;
			defaultConfigurationName = Release;
		};
		45DC0D5F261F1E4B006C2B16 /* Build configuration list for PBXNativeTarget "Forest (iOS)" */ = {
			isa = XCConfigurationList;
			buildConfigurations = (
				45DC0D60261F1E4B006C2B16 /* Debug */,
				45DC0D61261F1E4B006C2B16 /* Release */,
			);
			defaultConfigurationIsVisible = 0;
			defaultConfigurationName = Release;
		};
		45DC0D65261F1E4B006C2B16 /* Build configuration list for PBXNativeTarget "Tests iOS" */ = {
			isa = XCConfigurationList;
			buildConfigurations = (
				45DC0D66261F1E4B006C2B16 /* Debug */,
				45DC0D67261F1E4B006C2B16 /* Release */,
			);
			defaultConfigurationIsVisible = 0;
			defaultConfigurationName = Release;
		};
/* End XCConfigurationList section */
	};
	rootObject = 45DC0D29261F1E4A006C2B16 /* Project object */;
}
